
Microsoft Visual Studio Solution File, Format Version 12.00
# Visual Studio 15
VisualStudioVersion = 15.0.28307.1525
MinimumVisualStudioVersion = 10.0.40219.1
Project("{FAE04EC0-301F-11D3-BF4B-00C04F79EFBC}") = "SpecFlowTest", "SpecFlowTest\SpecFlowTest.csproj", "{3A8CB30D-1C3E-4660-977F-2490712C3D97}"
EndProject
Global
	GlobalSection(SolutionConfigurationPlatforms) = preSolution
		Debug|Any CPU = Debug|Any CPU
		Release|Any CPU = Release|Any CPU
	EndGlobalSection
	GlobalSection(ProjectConfigurationPlatforms) = postSolution
		{3A8CB30D-1C3E-4660-977F-2490712C3D97}.Debug|Any CPU.ActiveCfg = Debug|Any CPU
		{3A8CB30D-1C3E-4660-977F-2490712C3D97}.Debug|Any CPU.Build.0 = Debug|Any CPU
		{3A8CB30D-1C3E-4660-977F-2490712C3D97}.Release|Any CPU.ActiveCfg = Release|Any CPU
		{3A8CB30D-1C3E-4660-977F-2490712C3D97}.Release|Any CPU.Build.0 = Release|Any CPU
	EndGlobalSection
	GlobalSection(SolutionProperties) = preSolution
		HideSolutionNode = FALSE
	EndGlobalSection
	GlobalSection(ExtensibilityGlobals) = postSolution
		SolutionGuid = {DB43966E-D6B6-4654-A934-4405C6D138CE}
	EndGlobalSection
EndGlobal
